
Microsoft Visual Studio Solution File, Format Version 12.00
# Visual Studio 15
VisualStudioVersion = 15.0.27703.2047
MinimumVisualStudioVersion = 10.0.40219.1
Project("{FAE04EC0-301F-11D3-BF4B-00C04F79EFBC}") = "Mod1_Lab1", "Mod1_Lab1\Mod1_Lab1.csproj", "{EE45A142-0D6D-4F06-B2B1-2594545B921B}"
EndProject
Global
	GlobalSection(SolutionConfigurationPlatforms) = preSolution
		Debug|Any CPU = Debug|Any CPU
		Release|Any CPU = Release|Any CPU
	EndGlobalSection
	GlobalSection(ProjectConfigurationPlatforms) = postSolution
		{EE45A142-0D6D-4F06-B2B1-2594545B921B}.Debug|Any CPU.ActiveCfg = Debug|Any CPU
		{EE45A142-0D6D-4F06-B2B1-2594545B921B}.Debug|Any CPU.Build.0 = Debug|Any CPU
		{EE45A142-0D6D-4F06-B2B1-2594545B921B}.Release|Any CPU.ActiveCfg = Release|Any CPU
		{EE45A142-0D6D-4F06-B2B1-2594545B921B}.Release|Any CPU.Build.0 = Release|Any CPU
	EndGlobalSection
	GlobalSection(SolutionProperties) = preSolution
		HideSolutionNode = FALSE
	EndGlobalSection
	GlobalSection(ExtensibilityGlobals) = postSolution
		SolutionGuid = {E29ABCE5-5DEC-4CEA-BBAC-2D9E9CE0CF02}
	EndGlobalSection
EndGlobal
